// !$*UTF8*$!
{
	archiveVersion = 1;
	classes = {
	};
	objectVersion = 50;
	objects = {

/* Begin PBXBuildFile section */
		8438ECD624BF738C002BCCD2 /* CustomView.xib in Resources */ = {isa = PBXBuildFile; fileRef = 8438ECD524BF738C002BCCD2 /* CustomView.xib */; };
		8438ECD824BFB6D9002BCCD2 /* View.xib in Resources */ = {isa = PBXBuildFile; fileRef = 8438ECD724BFB6D9002BCCD2 /* View.xib */; };
		846FF7FF24BB4ED600D3D771 /* CustomView.m in Sources */ = {isa = PBXBuildFile; fileRef = 846FF7FE24BB4ED600D3D771 /* CustomView.m */; };
		84ADF14D24A37C2D006A1107 /* AppDelegate.m in Sources */ = {isa = PBXBuildFile; fileRef = 84ADF14C24A37C2D006A1107 /* AppDelegate.m */; };
		84ADF15024A37C2D006A1107 /* SceneDelegate.m in Sources */ = {isa = PBXBuildFile; fileRef = 84ADF14F24A37C2D006A1107 /* SceneDelegate.m */; };
		84ADF15324A37C2D006A1107 /* ViewController.m in Sources */ = {isa = PBXBuildFile; fileRef = 84ADF15224A37C2D006A1107 /* ViewController.m */; };
		84ADF15624A37C2D006A1107 /* Main.storyboard in Resources */ = {isa = PBXBuildFile; fileRef = 84ADF15424A37C2D006A1107 /* Main.storyboard */; };
		84ADF15824A37C2F006A1107 /* Assets.xcassets in Resources */ = {isa = PBXBuildFile; fileRef = 84ADF15724A37C2F006A1107 /* Assets.xcassets */; };
		84ADF15B24A37C2F006A1107 /* LaunchScreen.storyboard in Resources */ = {isa = PBXBuildFile; fileRef = 84ADF15924A37C2F006A1107 /* LaunchScreen.storyboard */; };
		84ADF15E24A37C2F006A1107 /* main.m in Sources */ = {isa = PBXBuildFile; fileRef = 84ADF15D24A37C2F006A1107 /* main.m */; };
		84ADF16824A37C2F006A1107 /* ExampleTests.m in Sources */ = {isa = PBXBuildFile; fileRef = 84ADF16724A37C2F006A1107 /* ExampleTests.m */; };
		84ADF17324A37C2F006A1107 /* ExampleUITests.m in Sources */ = {isa = PBXBuildFile; fileRef = 84ADF17224A37C2F006A1107 /* ExampleUITests.m */; };
/* End PBXBuildFile section */

/* Begin PBXContainerItemProxy section */
		84ADF16424A37C2F006A1107 /* PBXContainerItemProxy */ = {
			isa = PBXContainerItemProxy;
			containerPortal = 84ADF14024A37C2D006A1107 /* Project object */;
			proxyType = 1;
			remoteGlobalIDString = 84ADF14724A37C2D006A1107;
			remoteInfo = Example;
		};
		84ADF16F24A37C2F006A1107 /* PBXContainerItemProxy */ = {
			isa = PBXContainerItemProxy;
			containerPortal = 84ADF14024A37C2D006A1107 /* Project object */;
			proxyType = 1;
			remoteGlobalIDString = 84ADF14724A37C2D006A1107;
			remoteInfo = Example;
		};
/* End PBXContainerItemProxy section */

/* Begin PBXFileReference section */
		8438ECD524BF738C002BCCD2 /* CustomView.xib */ = {isa = PBXFileReference; lastKnownFileType = file.xib; path = CustomView.xib; sourceTree = "<group>"; };
		8438ECD724BFB6D9002BCCD2 /* View.xib */ = {isa = PBXFileReference; lastKnownFileType = file.xib; path = View.xib; sourceTree = "<group>"; };
		846FF7FD24BB4ED600D3D771 /* CustomView.h */ = {isa = PBXFileReference; lastKnownFileType = sourcecode.c.h; path = CustomView.h; sourceTree = "<group>"; };
		846FF7FE24BB4ED600D3D771 /* CustomView.m */ = {isa = PBXFileReference; lastKnownFileType = sourcecode.c.objc; path = CustomView.m; sourceTree = "<group>"; };
		84ADF14824A37C2D006A1107 /* Example.app */ = {isa = PBXFileReference; explicitFileType = wrapper.application; includeInIndex = 0; path = Example.app; sourceTree = BUILT_PRODUCTS_DIR; };
		84ADF14B24A37C2D006A1107 /* AppDelegate.h */ = {isa = PBXFileReference; lastKnownFileType = sourcecode.c.h; path = AppDelegate.h; sourceTree = "<group>"; };
		84ADF14C24A37C2D006A1107 /* AppDelegate.m */ = {isa = PBXFileReference; lastKnownFileType = sourcecode.c.objc; path = AppDelegate.m; sourceTree = "<group>"; };
		84ADF14E24A37C2D006A1107 /* SceneDelegate.h */ = {isa = PBXFileReference; lastKnownFileType = sourcecode.c.h; path = SceneDelegate.h; sourceTree = "<group>"; };
		84ADF14F24A37C2D006A1107 /* SceneDelegate.m */ = {isa = PBXFileReference; lastKnownFileType = sourcecode.c.objc; path = SceneDelegate.m; sourceTree = "<group>"; };
		84ADF15124A37C2D006A1107 /* ViewController.h */ = {isa = PBXFileReference; lastKnownFileType = sourcecode.c.h; path = ViewController.h; sourceTree = "<group>"; };
		84ADF15224A37C2D006A1107 /* ViewController.m */ = {isa = PBXFileReference; lastKnownFileType = sourcecode.c.objc; path = ViewController.m; sourceTree = "<group>"; };
		84ADF15524A37C2D006A1107 /* Base */ = {isa = PBXFileReference; lastKnownFileType = file.storyboard; name = Base; path = Base.lproj/Main.storyboard; sourceTree = "<group>"; };
		84ADF15724A37C2F006A1107 /* Assets.xcassets */ = {isa = PBXFileReference; lastKnownFileType = folder.assetcatalog; path = Assets.xcassets; sourceTree = "<group>"; };
		84ADF15A24A37C2F006A1107 /* Base */ = {isa = PBXFileReference; lastKnownFileType = file.storyboard; name = Base; path = Base.lproj/LaunchScreen.storyboard; sourceTree = "<group>"; };
		84ADF15C24A37C2F006A1107 /* Info.plist */ = {isa = PBXFileReference; lastKnownFileType = text.plist.xml; path = Info.plist; sourceTree = "<group>"; };
		84ADF15D24A37C2F006A1107 /* main.m */ = {isa = PBXFileReference; lastKnownFileType = sourcecode.c.objc; path = main.m; sourceTree = "<group>"; };
		84ADF16324A37C2F006A1107 /* ExampleTests.xctest */ = {isa = PBXFileReference; explicitFileType = wrapper.cfbundle; includeInIndex = 0; path = ExampleTests.xctest; sourceTree = BUILT_PRODUCTS_DIR; };
		84ADF16724A37C2F006A1107 /* ExampleTests.m */ = {isa = PBXFileReference; lastKnownFileType = sourcecode.c.objc; path = ExampleTests.m; sourceTree = "<group>"; };
		84ADF16924A37C2F006A1107 /* Info.plist */ = {isa = PBXFileReference; lastKnownFileType = text.plist.xml; path = Info.plist; sourceTree = "<group>"; };
		84ADF16E24A37C2F006A1107 /* ExampleUITests.xctest */ = {isa = PBXFileReference; explicitFileType = wrapper.cfbundle; includeInIndex = 0; path = ExampleUITests.xctest; sourceTree = BUILT_PRODUCTS_DIR; };
		84ADF17224A37C2F006A1107 /* ExampleUITests.m */ = {isa = PBXFileReference; lastKnownFileType = sourcecode.c.objc; path = ExampleUITests.m; sourceTree = "<group>"; };
		84ADF17424A37C2F006A1107 /* Info.plist */ = {isa = PBXFileReference; lastKnownFileType = text.plist.xml; path = Info.plist; sourceTree = "<group>"; };
/* End PBXFileReference section */

/* Begin PBXFrameworksBuildPhase section */
		84ADF14524A37C2D006A1107 /* Frameworks */ = {
			isa = PBXFrameworksBuildPhase;
			buildActionMask = 2147483647;
			files = (
			);
			runOnlyForDeploymentPostprocessing = 0;
		};
		84ADF16024A37C2F006A1107 /* Frameworks */ = {
			isa = PBXFrameworksBuildPhase;
			buildActionMask = 2147483647;
			files = (
			);
			runOnlyForDeploymentPostprocessing = 0;
		};
		84ADF16B24A37C2F006A1107 /* Frameworks */ = {
			isa = PBXFrameworksBuildPhase;
			buildActionMask = 2147483647;
			files = (
			);
			runOnlyForDeploymentPostprocessing = 0;
		};
/* End PBXFrameworksBuildPhase section */

/* Begin PBXGroup section */
		84ADF13F24A37C2D006A1107 = {
			isa = PBXGroup;
			children = (
				84ADF14A24A37C2D006A1107 /* Example */,
				84ADF16624A37C2F006A1107 /* ExampleTests */,
				84ADF17124A37C2F006A1107 /* ExampleUITests */,
				84ADF14924A37C2D006A1107 /* Products */,
			);
			sourceTree = "<group>";
		};
		84ADF14924A37C2D006A1107 /* Products */ = {
			isa = PBXGroup;
			children = (
				84ADF14824A37C2D006A1107 /* Example.app */,
				84ADF16324A37C2F006A1107 /* ExampleTests.xctest */,
				84ADF16E24A37C2F006A1107 /* ExampleUITests.xctest */,
			);
			name = Products;
			sourceTree = "<group>";
		};
		84ADF14A24A37C2D006A1107 /* Example */ = {
			isa = PBXGroup;
			children = (
				84ADF14B24A37C2D006A1107 /* AppDelegate.h */,
				84ADF14C24A37C2D006A1107 /* AppDelegate.m */,
				84ADF14E24A37C2D006A1107 /* SceneDelegate.h */,
				84ADF14F24A37C2D006A1107 /* SceneDelegate.m */,
				84ADF15124A37C2D006A1107 /* ViewController.h */,
				84ADF15224A37C2D006A1107 /* ViewController.m */,
				846FF7FD24BB4ED600D3D771 /* CustomView.h */,
				846FF7FE24BB4ED600D3D771 /* CustomView.m */,
				8438ECD524BF738C002BCCD2 /* CustomView.xib */,
				8438ECD724BFB6D9002BCCD2 /* View.xib */,
				84ADF15424A37C2D006A1107 /* Main.storyboard */,
				84ADF15724A37C2F006A1107 /* Assets.xcassets */,
				84ADF15924A37C2F006A1107 /* LaunchScreen.storyboard */,
				84ADF15C24A37C2F006A1107 /* Info.plist */,
				84ADF15D24A37C2F006A1107 /* main.m */,
			);
			path = Example;
			sourceTree = "<group>";
		};
		84ADF16624A37C2F006A1107 /* ExampleTests */ = {
			isa = PBXGroup;
			children = (
				84ADF16724A37C2F006A1107 /* ExampleTests.m */,
				84ADF16924A37C2F006A1107 /* Info.plist */,
			);
			path = ExampleTests;
			sourceTree = "<group>";
		};
		84ADF17124A37C2F006A1107 /* ExampleUITests */ = {
			isa = PBXGroup;
			children = (
				84ADF17224A37C2F006A1107 /* ExampleUITests.m */,
				84ADF17424A37C2F006A1107 /* Info.plist */,
			);
			path = ExampleUITests;
			sourceTree = "<group>";
		};
/* End PBXGroup section */

/* Begin PBXNativeTarget section */
		84ADF14724A37C2D006A1107 /* Example */ = {
			isa = PBXNativeTarget;
			buildConfigurationList = 84ADF17724A37C2F006A1107 /* Build configuration list for PBXNativeTarget "Example" */;
			buildPhases = (
				84ADF14424A37C2D006A1107 /* Sources */,
				84ADF14524A37C2D006A1107 /* Frameworks */,
				84ADF14624A37C2D006A1107 /* Resources */,
			);
			buildRules = (
			);
			dependencies = (
			);
			name = Example;
			productName = Example;
			productReference = 84ADF14824A37C2D006A1107 /* Example.app */;
			productType = "com.apple.product-type.application";
		};
		84ADF16224A37C2F006A1107 /* ExampleTests */ = {
			isa = PBXNativeTarget;
			buildConfigurationList = 84ADF17A24A37C2F006A1107 /* Build configuration list for PBXNativeTarget "ExampleTests" */;
			buildPhases = (
				84ADF15F24A37C2F006A1107 /* Sources */,
				84ADF16024A37C2F006A1107 /* Frameworks */,
				84ADF16124A37C2F006A1107 /* Resources */,
			);
			buildRules = (
			);
			dependencies = (
				84ADF16524A37C2F006A1107 /* PBXTargetDependency */,
			);
			name = ExampleTests;
			productName = ExampleTests;
			productReference = 84ADF16324A37C2F006A1107 /* ExampleTests.xctest */;
			productType = "com.apple.product-type.bundle.unit-test";
		};
		84ADF16D24A37C2F006A1107 /* ExampleUITests */ = {
			isa = PBXNativeTarget;
			buildConfigurationList = 84ADF17D24A37C2F006A1107 /* Build configuration list for PBXNativeTarget "ExampleUITests" */;
			buildPhases = (
				84ADF16A24A37C2F006A1107 /* Sources */,
				84ADF16B24A37C2F006A1107 /* Frameworks */,
				84ADF16C24A37C2F006A1107 /* Resources */,
			);
			buildRules = (
			);
			dependencies = (
				84ADF17024A37C2F006A1107 /* PBXTargetDependency */,
			);
			name = ExampleUITests;
			productName = ExampleUITests;
			productReference = 84ADF16E24A37C2F006A1107 /* ExampleUITests.xctest */;
			productType = "com.apple.product-type.bundle.ui-testing";
		};
/* End PBXNativeTarget section */

/* Begin PBXProject section */
		84ADF14024A37C2D006A1107 /* Project object */ = {
			isa = PBXProject;
			attributes = {
				LastUpgradeCheck = 1150;
				ORGANIZATIONNAME = xiadalu;
				TargetAttributes = {
					84ADF14724A37C2D006A1107 = {
						CreatedOnToolsVersion = 11.5;
					};
					84ADF16224A37C2F006A1107 = {
						CreatedOnToolsVersion = 11.5;
						TestTargetID = 84ADF14724A37C2D006A1107;
					};
					84ADF16D24A37C2F006A1107 = {
						CreatedOnToolsVersion = 11.5;
						TestTargetID = 84ADF14724A37C2D006A1107;
					};
				};
			};
			buildConfigurationList = 84ADF14324A37C2D006A1107 /* Build configuration list for PBXProject "Example" */;
			compatibilityVersion = "Xcode 9.3";
			developmentRegion = en;
			hasScannedForEncodings = 0;
			knownRegions = (
				en,
				Base,
			);
			mainGroup = 84ADF13F24A37C2D006A1107;
			productRefGroup = 84ADF14924A37C2D006A1107 /* Products */;
			projectDirPath = "";
			projectRoot = "";
			targets = (
				84ADF14724A37C2D006A1107 /* Example */,
				84ADF16224A37C2F006A1107 /* ExampleTests */,
				84ADF16D24A37C2F006A1107 /* ExampleUITests */,
			);
		};
/* End PBXProject section */

/* Begin PBXResourcesBuildPhase section */
		84ADF14624A37C2D006A1107 /* Resources */ = {
			isa = PBXResourcesBuildPhase;
			buildActionMask = 2147483647;
			files = (
				8438ECD624BF738C002BCCD2 /* CustomView.xib in Resources */,
				8438ECD824BFB6D9002BCCD2 /* View.xib in Resources */,
				84ADF15B24A37C2F006A1107 /* LaunchScreen.storyboard in Resources */,
				84ADF15824A37C2F006A1107 /* Assets.xcassets in Resources */,
				84ADF15624A37C2D006A1107 /* Main.storyboard in Resources */,
			);
			runOnlyForDeploymentPostprocessing = 0;
		};
		84ADF16124A37C2F006A1107 /* Resources */ = {
			isa = PBXResourcesBuildPhase;
			buildActionMask = 2147483647;
			files = (
			);
			runOnlyForDeploymentPostprocessing = 0;
		};
		84ADF16C24A37C2F006A1107 /* Resources */ = {
			isa = PBXResourcesBuildPhase;
			buildActionMask = 2147483647;
			files = (
			);
			runOnlyForDeploymentPostprocessing = 0;
		};
/* End PBXResourcesBuildPhase section */

/* Begin PBXSourcesBuildPhase section */
		84ADF14424A37C2D006A1107 /* Sources */ = {
			isa = PBXSourcesBuildPhase;
			buildActionMask = 2147483647;
			files = (
				846FF7FF24BB4ED600D3D771 /* CustomView.m in Sources */,
				84ADF15324A37C2D006A1107 /* ViewController.m in Sources */,
				84ADF14D24A37C2D006A1107 /* AppDelegate.m in Sources */,
				84ADF15E24A37C2F006A1107 /* main.m in Sources */,
				84ADF15024A37C2D006A1107 /* SceneDelegate.m in Sources */,
			);
			runOnlyForDeploymentPostprocessing = 0;
		};
		84ADF15F24A37C2F006A1107 /* Sources */ = {
			isa = PBXSourcesBuildPhase;
			buildActionMask = 2147483647;
			files = (
				84ADF16824A37C2F006A1107 /* ExampleTests.m in Sources */,
			);
			runOnlyForDeploymentPostprocessing = 0;
		};
		84ADF16A24A37C2F006A1107 /* Sources */ = {
			isa = PBXSourcesBuildPhase;
			buildActionMask = 2147483647;
			files = (
				84ADF17324A37C2F006A1107 /* ExampleUITests.m in Sources */,
			);
			runOnlyForDeploymentPostprocessing = 0;
		};
/* End PBXSourcesBuildPhase section */

/* Begin PBXTargetDependency section */
		84ADF16524A37C2F006A1107 /* PBXTargetDependency */ = {
			isa = PBXTargetDependency;
			target = 84ADF14724A37C2D006A1107 /* Example */;
			targetProxy = 84ADF16424A37C2F006A1107 /* PBXContainerItemProxy */;
		};
		84ADF17024A37C2F006A1107 /* PBXTargetDependency */ = {
			isa = PBXTargetDependency;
			target = 84ADF14724A37C2D006A1107 /* Example */;
			targetProxy = 84ADF16F24A37C2F006A1107 /* PBXContainerItemProxy */;
		};
/* End PBXTargetDependency section */

/* Begin PBXVariantGroup section */
		84ADF15424A37C2D006A1107 /* Main.storyboard */ = {
			isa = PBXVariantGroup;
			children = (
				84ADF15524A37C2D006A1107 /* Base */,
			);
			name = Main.storyboard;
			sourceTree = "<group>";
		};
		84ADF15924A37C2F006A1107 /* LaunchScreen.storyboard */ = {
			isa = PBXVariantGroup;
			children = (
				84ADF15A24A37C2F006A1107 /* Base */,
			);
			name = LaunchScreen.storyboard;
			sourceTree = "<group>";
		};
/* End PBXVariantGroup section */

/* Begin XCBuildConfiguration section */
		84ADF17524A37C2F006A1107 /* Debug */ = {
			isa = XCBuildConfiguration;
			buildSettings = {
				ALWAYS_SEARCH_USER_PATHS = NO;
				CLANG_ANALYZER_NONNULL = YES;
				CLANG_ANALYZER_NUMBER_OBJECT_CONVERSION = YES_AGGRESSIVE;
				CLANG_CXX_LANGUAGE_STANDARD = "gnu++14";
				CLANG_CXX_LIBRARY = "libc++";
				CLANG_ENABLE_MODULES = YES;
				CLANG_ENABLE_OBJC_ARC = YES;
				CLANG_ENABLE_OBJC_WEAK = YES;
				CLANG_WARN_BLOCK_CAPTURE_AUTORELEASING = YES;
				CLANG_WARN_BOOL_CONVERSION = YES;
				CLANG_WARN_COMMA = YES;
				CLANG_WARN_CONSTANT_CONVERSION = YES;
				CLANG_WARN_DEPRECATED_OBJC_IMPLEMENTATIONS = YES;
				CLANG_WARN_DIRECT_OBJC_ISA_USAGE = YES_ERROR;
				CLANG_WARN_DOCUMENTATION_COMMENTS = YES;
				CLANG_WARN_EMPTY_BODY = YES;
				CLANG_WARN_ENUM_CONVERSION = YES;
				CLANG_WARN_INFINITE_RECURSION = YES;
				CLANG_WARN_INT_CONVERSION = YES;
				CLANG_WARN_NON_LITERAL_NULL_CONVERSION = YES;
				CLANG_WARN_OBJC_IMPLICIT_RETAIN_SELF = YES;
				CLANG_WARN_OBJC_LITERAL_CONVERSION = YES;
				CLANG_WARN_OBJC_ROOT_CLASS = YES_ERROR;
				CLANG_WARN_RANGE_LOOP_ANALYSIS = YES;
				CLANG_WARN_STRICT_PROTOTYPES = YES;
				CLANG_WARN_SUSPICIOUS_MOVE = YES;
				CLANG_WARN_UNGUARDED_AVAILABILITY = YES_AGGRESSIVE;
				CLANG_WARN_UNREACHABLE_CODE = YES;
				CLANG_WARN__DUPLICATE_METHOD_MATCH = YES;
				COPY_PHASE_STRIP = NO;
				DEBUG_INFORMATION_FORMAT = dwarf;
				ENABLE_STRICT_OBJC_MSGSEND = YES;
				ENABLE_TESTABILITY = YES;
				GCC_C_LANGUAGE_STANDARD = gnu11;
				GCC_DYNAMIC_NO_PIC = NO;
				GCC_NO_COMMON_BLOCKS = YES;
				GCC_OPTIMIZATION_LEVEL = 0;
				GCC_PREPROCESSOR_DEFINITIONS = (
					"DEBUG=1",
					"$(inherited)",
				);
				GCC_WARN_64_TO_32_BIT_CONVERSION = YES;
				GCC_WARN_ABOUT_RETURN_TYPE = YES_ERROR;
				GCC_WARN_UNDECLARED_SELECTOR = YES;
				GCC_WARN_UNINITIALIZED_AUTOS = YES_AGGRESSIVE;
				GCC_WARN_UNUSED_FUNCTION = YES;
				GCC_WARN_UNUSED_VARIABLE = YES;
				IPHONEOS_DEPLOYMENT_TARGET = 13.5;
				MTL_ENABLE_DEBUG_INFO = INCLUDE_SOURCE;
				MTL_FAST_MATH = YES;
				ONLY_ACTIVE_ARCH = YES;
				SDKROOT = iphoneos;
			};
			name = Debug;
		};
		84ADF17624A37C2F006A1107 /* Release */ = {
			isa = XCBuildConfiguration;
			buildSettings = {
				ALWAYS_SEARCH_USER_PATHS = NO;
				CLANG_ANALYZER_NONNULL = YES;
				CLANG_ANALYZER_NUMBER_OBJECT_CONVERSION = YES_AGGRESSIVE;
				CLANG_CXX_LANGUAGE_STANDARD = "gnu++14";
				CLANG_CXX_LIBRARY = "libc++";
				CLANG_ENABLE_MODULES = YES;
				CLANG_ENABLE_OBJC_ARC = YES;
				CLANG_ENABLE_OBJC_WEAK = YES;
				CLANG_WARN_BLOCK_CAPTURE_AUTORELEASING = YES;
				CLANG_WARN_BOOL_CONVERSION = YES;
				CLANG_WARN_COMMA = YES;
				CLANG_WARN_CONSTANT_CONVERSION = YES;
				CLANG_WARN_DEPRECATED_OBJC_IMPLEMENTATIONS = YES;
				CLANG_WARN_DIRECT_OBJC_ISA_USAGE = YES_ERROR;
				CLANG_WARN_DOCUMENTATION_COMMENTS = YES;
				CLANG_WARN_EMPTY_BODY = YES;
				CLANG_WARN_ENUM_CONVERSION = YES;
				CLANG_WARN_INFINITE_RECURSION = YES;
				CLANG_WARN_INT_CONVERSION = YES;
				CLANG_WARN_NON_LITERAL_NULL_CONVERSION = YES;
				CLANG_WARN_OBJC_IMPLICIT_RETAIN_SELF = YES;
				CLANG_WARN_OBJC_LITERAL_CONVERSION = YES;
				CLANG_WARN_OBJC_ROOT_CLASS = YES_ERROR;
				CLANG_WARN_RANGE_LOOP_ANALYSIS = YES;
				CLANG_WARN_STRICT_PROTOTYPES = YES;
				CLANG_WARN_SUSPICIOUS_MOVE = YES;
				CLANG_WARN_UNGUARDED_AVAILABILITY = YES_AGGRESSIVE;
				CLANG_WARN_UNREACHABLE_CODE = YES;
				CLANG_WARN__DUPLICATE_METHOD_MATCH = YES;
				COPY_PHASE_STRIP = NO;
				DEBUG_INFORMATION_FORMAT = "dwarf-with-dsym";
				ENABLE_NS_ASSERTIONS = NO;
				ENABLE_STRICT_OBJC_MSGSEND = YES;
				GCC_C_LANGUAGE_STANDARD = gnu11;
				GCC_NO_COMMON_BLOCKS = YES;
				GCC_WARN_64_TO_32_BIT_CONVERSION = YES;
				GCC_WARN_ABOUT_RETURN_TYPE = YES_ERROR;
				GCC_WARN_UNDECLARED_SELECTOR = YES;
				GCC_WARN_UNINITIALIZED_AUTOS = YES_AGGRESSIVE;
				GCC_WARN_UNUSED_FUNCTION = YES;
				GCC_WARN_UNUSED_VARIABLE = YES;
				IPHONEOS_DEPLOYMENT_TARGET = 13.5;
				MTL_ENABLE_DEBUG_INFO = NO;
				MTL_FAST_MATH = YES;
				SDKROOT = iphoneos;
				VALIDATE_PRODUCT = YES;
			};
			name = Release;
		};
		84ADF17824A37C2F006A1107 /* Debug */ = {
			isa = XCBuildConfiguration;
			buildSettings = {
				ASSETCATALOG_COMPILER_APPICON_NAME = AppIcon;
				CODE_SIGN_STYLE = Automatic;
				DEVELOPMENT_TEAM = VMP22QHMQ4;
				INFOPLIST_FILE = Example/Info.plist;
				LD_RUNPATH_SEARCH_PATHS = (
					"$(inherited)",
					"@executable_path/Frameworks",
				);
				PRODUCT_BUNDLE_IDENTIFIER = XiaDalu.Example;
				PRODUCT_NAME = "$(TARGET_NAME)";
				TARGETED_DEVICE_FAMILY = "1,2";
			};
			name = Debug;
		};
		84ADF17924A37C2F006A1107 /* Release */ = {
			isa = XCBuildConfiguration;
			buildSettings = {
				ASSETCATALOG_COMPILER_APPICON_NAME = AppIcon;
				CODE_SIGN_STYLE = Automatic;
				DEVELOPMENT_TEAM = VMP22QHMQ4;
				INFOPLIST_FILE = Example/Info.plist;
				LD_RUNPATH_SEARCH_PATHS = (
					"$(inherited)",
					"@executable_path/Frameworks",
				);
				PRODUCT_BUNDLE_IDENTIFIER = XiaDalu.Example;
				PRODUCT_NAME = "$(TARGET_NAME)";
				TARGETED_DEVICE_FAMILY = "1,2";
			};
			name = Release;
		};
		84ADF17B24A37C2F006A1107 /* Debug */ = {
			isa = XCBuildConfiguration;
			buildSettings = {
				BUNDLE_LOADER = "$(TEST_HOST)";
				CODE_SIGN_STYLE = Automatic;
				DEVELOPMENT_TEAM = VMP22QHMQ4;
				INFOPLIST_FILE = ExampleTests/Info.plist;
				IPHONEOS_DEPLOYMENT_TARGET = 13.5;
				LD_RUNPATH_SEARCH_PATHS = (
					"$(inherited)",
					"@executable_path/Frameworks",
					"@loader_path/Frameworks",
				);
				PRODUCT_BUNDLE_IDENTIFIER = XiaDalu.ExampleTests;
				PRODUCT_NAME = "$(TARGET_NAME)";
				TARGETED_DEVICE_FAMILY = "1,2";
				TEST_HOST = "$(BUILT_PRODUCTS_DIR)/Example.app/Example";
			};
			name = Debug;
		};
		84ADF17C24A37C2F006A1107 /* Release */ = {
			isa = XCBuildConfiguration;
			buildSettings = {
				BUNDLE_LOADER = "$(TEST_HOST)";
				CODE_SIGN_STYLE = Automatic;
				DEVELOPMENT_TEAM = VMP22QHMQ4;
				INFOPLIST_FILE = ExampleTests/Info.plist;
				IPHONEOS_DEPLOYMENT_TARGET = 13.5;
				LD_RUNPATH_SEARCH_PATHS = (
					"$(inherited)",
					"@executable_path/Frameworks",
					"@loader_path/Frameworks",
				);
				PRODUCT_BUNDLE_IDENTIFIER = XiaDalu.ExampleTests;
				PRODUCT_NAME = "$(TARGET_NAME)";
				TARGETED_DEVICE_FAMILY = "1,2";
				TEST_HOST = "$(BUILT_PRODUCTS_DIR)/Example.app/Example";
			};
			name = Release;
		};
		84ADF17E24A37C2F006A1107 /* Debug */ = {
			isa = XCBuildConfiguration;
			buildSettings = {
				CODE_SIGN_STYLE = Automatic;
				DEVELOPMENT_TEAM = VMP22QHMQ4;
				INFOPLIST_FILE = ExampleUITests/Info.plist;
				LD_RUNPATH_SEARCH_PATHS = (
					"$(inherited)",
					"@executable_path/Frameworks",
					"@loader_path/Frameworks",
				);
				PRODUCT_BUNDLE_IDENTIFIER = XiaDalu.ExampleUITests;
				PRODUCT_NAME = "$(TARGET_NAME)";
				TARGETED_DEVICE_FAMILY = "1,2";
				TEST_TARGET_NAME = Example;
			};
			name = Debug;
		};
		84ADF17F24A37C2F006A1107 /* Release */ = {
			isa = XCBuildConfiguration;
			buildSettings = {
				CODE_SIGN_STYLE = Automatic;
				DEVELOPMENT_TEAM = VMP22QHMQ4;
				INFOPLIST_FILE = ExampleUITests/Info.plist;
				LD_RUNPATH_SEARCH_PATHS = (
					"$(inherited)",
					"@executable_path/Frameworks",
					"@loader_path/Frameworks",
				);
				PRODUCT_BUNDLE_IDENTIFIER = XiaDalu.ExampleUITests;
				PRODUCT_NAME = "$(TARGET_NAME)";
				TARGETED_DEVICE_FAMILY = "1,2";
				TEST_TARGET_NAME = Example;
			};
			name = Release;
		};
/* End XCBuildConfiguration section */

/* Begin XCConfigurationList section */
		84ADF14324A37C2D006A1107 /* Build configuration list for PBXProject "Example" */ = {
			isa = XCConfigurationList;
			buildConfigurations = (
				84ADF17524A37C2F006A1107 /* Debug */,
				84ADF17624A37C2F006A1107 /* Release */,
			);
			defaultConfigurationIsVisible = 0;
			defaultConfigurationName = Release;
		};
		84ADF17724A37C2F006A1107 /* Build configuration list for PBXNativeTarget "Example" */ = {
			isa = XCConfigurationList;
			buildConfigurations = (
				84ADF17824A37C2F006A1107 /* Debug */,
				84ADF17924A37C2F006A1107 /* Release */,
			);
			defaultConfigurationIsVisible = 0;
			defaultConfigurationName = Release;
		};
		84ADF17A24A37C2F006A1107 /* Build configuration list for PBXNativeTarget "ExampleTests" */ = {
			isa = XCConfigurationList;
			buildConfigurations = (
				84ADF17B24A37C2F006A1107 /* Debug */,
				84ADF17C24A37C2F006A1107 /* Release */,
			);
			defaultConfigurationIsVisible = 0;
			defaultConfigurationName = Release;
		};
		84ADF17D24A37C2F006A1107 /* Build configuration list for PBXNativeTarget "ExampleUITests" */ = {
			isa = XCConfigurationList;
			buildConfigurations = (
				84ADF17E24A37C2F006A1107 /* Debug */,
				84ADF17F24A37C2F006A1107 /* Release */,
			);
			defaultConfigurationIsVisible = 0;
			defaultConfigurationName = Release;
		};
/* End XCConfigurationList section */
	};
	rootObject = 84ADF14024A37C2D006A1107 /* Project object */;
}
